
Microsoft Visual Studio Solution File, Format Version 9.00
# Visual Studio 2005
# SharpDevelop 2.2.1.2648
Project("{FAE04EC0-301F-11D3-BF4B-00C04F79EFBC}") = "DemoApp", "DemoApp\DemoApp.csproj", "{057A515F-1EE5-4E15-9721-A766A8048BBA}"
	ProjectSection(WebsiteProperties) = preProject
		Debug.AspNetCompiler.Debug = "True"
		Release.AspNetCompiler.Debug = "False"
	EndProjectSection
	ProjectSection(ProjectDependencies) = postProject
		{456E4227-4AEC-4F0F-8B2A-8C26B339DCB0} = {456E4227-4AEC-4F0F-8B2A-8C26B339DCB0}
	EndProjectSection
EndProject
Project("{FAE04EC0-301F-11D3-BF4B-00C04F79EFBC}") = "RBPcsExWB", "RBPcsExWB\RBPcsExWB.csproj", "{456E4227-4AEC-4F0F-8B2A-8C26B339DCB0}"
	ProjectSection(WebsiteProperties) = preProject
		Debug.AspNetCompiler.Debug = "True"
		Release.AspNetCompiler.Debug = "False"
	EndProjectSection
EndProject
Project("{FAE04EC0-301F-11D3-BF4B-00C04F79EFBC}") = "RBPDefaultWebBrowser", "RBPDefaultWebBrowser\RBPDefaultWebBrowser.csproj", "{835886A1-5E3D-45DC-B1A7-BD38661953EC}"
	ProjectSection(WebsiteProperties) = preProject
		Debug.AspNetCompiler.Debug = "True"
		Release.AspNetCompiler.Debug = "False"
	EndProjectSection
EndProject
Project("{FAE04EC0-301F-11D3-BF4B-00C04F79EFBC}") = "RichBrowserPlatform", "RichBrowserPlatform\RichBrowserPlatform.csproj", "{8F24C975-AA81-461D-8C94-3B4576DEB9CF}"
	ProjectSection(WebsiteProperties) = preProject
		Debug.AspNetCompiler.Debug = "True"
		Release.AspNetCompiler.Debug = "False"
	EndProjectSection
EndProject
Project("{FAE04EC0-301F-11D3-BF4B-00C04F79EFBC}") = "RBPGUI.Downloader", "RBPGUI.Downloader\RBPGUI.Downloader.csproj", "{145843F5-C0CB-4049-9661-010377FA83D9}"
	ProjectSection(WebsiteProperties) = preProject
		Debug.AspNetCompiler.Debug = "True"
		Release.AspNetCompiler.Debug = "False"
	EndProjectSection
EndProject
Project("{FAE04EC0-301F-11D3-BF4B-00C04F79EFBC}") = "RBPGUI.MediaPlayer", "RBPGUI.MediaPlayer\RBPGUI.MediaPlayer.csproj", "{D5CF272E-6977-46FE-BF7B-AC1D0F2448A2}"
	ProjectSection(WebsiteProperties) = preProject
		Debug.AspNetCompiler.Debug = "True"
		Release.AspNetCompiler.Debug = "False"
	EndProjectSection
EndProject
Project("{FAE04EC0-301F-11D3-BF4B-00C04F79EFBC}") = "RBPGUI.RegEx", "RBPGUI.RegEx\RBPGUI.RegEx.csproj", "{582FF847-26D2-4B50-9723-8C09F509D55E}"
	ProjectSection(WebsiteProperties) = preProject
		Debug.AspNetCompiler.Debug = "True"
		Release.AspNetCompiler.Debug = "False"
	EndProjectSection
EndProject
Project("{FAE04EC0-301F-11D3-BF4B-00C04F79EFBC}") = "IPYLauncher", "IPYLauncher\IPYLauncher.csproj", "{E511138B-652F-4E12-A490-0EB717971BFD}"
	ProjectSection(WebsiteProperties) = preProject
		Debug.AspNetCompiler.Debug = "True"
		Release.AspNetCompiler.Debug = "False"
	EndProjectSection
EndProject
Project("{FAE04EC0-301F-11D3-BF4B-00C04F79EFBC}") = "RBP.IPY", "RBP.IPY\RBP.IPY.csproj", "{638226ED-970C-46DE-BE5C-481531C72434}"
	ProjectSection(WebsiteProperties) = preProject
		Debug.AspNetCompiler.Debug = "True"
		Release.AspNetCompiler.Debug = "False"
	EndProjectSection
EndProject
Project("{FAE04EC0-301F-11D3-BF4B-00C04F79EFBC}") = "RBP.TestIPY", "RBP.TestIPY\RBP.TestIPY.csproj", "{F1321396-A100-40E9-BDE8-3BFA91EBC1DA}"
	ProjectSection(WebsiteProperties) = preProject
		Debug.AspNetCompiler.Debug = "True"
		Release.AspNetCompiler.Debug = "False"
	EndProjectSection
EndProject
Project("{FAE04EC0-301F-11D3-BF4B-00C04F79EFBC}") = "RBP.Common", "RBP.Common\RBP.Common.csproj", "{39820C2B-1E6D-483D-BDAB-F6B60AC33468}"
EndProject
Global
	GlobalSection(SolutionConfigurationPlatforms) = preSolution
		Debug|Any CPU = Debug|Any CPU
		Debug-IronPython|Any CPU = Debug-IronPython|Any CPU
		Release|Any CPU = Release|Any CPU
	EndGlobalSection
	GlobalSection(ProjectConfigurationPlatforms) = postSolution
		{057A515F-1EE5-4E15-9721-A766A8048BBA}.Debug|Any CPU.ActiveCfg = Debug|Any CPU
		{057A515F-1EE5-4E15-9721-A766A8048BBA}.Debug|Any CPU.Build.0 = Debug|Any CPU
		{057A515F-1EE5-4E15-9721-A766A8048BBA}.Debug-IronPython|Any CPU.ActiveCfg = Debug-IronPython|Any CPU
		{057A515F-1EE5-4E15-9721-A766A8048BBA}.Debug-IronPython|Any CPU.Build.0 = Debug-IronPython|Any CPU
		{057A515F-1EE5-4E15-9721-A766A8048BBA}.Release|Any CPU.ActiveCfg = Release|Any CPU
		{057A515F-1EE5-4E15-9721-A766A8048BBA}.Release|Any CPU.Build.0 = Release|Any CPU
		{456E4227-4AEC-4F0F-8B2A-8C26B339DCB0}.Debug|Any CPU.ActiveCfg = Debug|Any CPU
		{456E4227-4AEC-4F0F-8B2A-8C26B339DCB0}.Debug|Any CPU.Build.0 = Debug|Any CPU
		{456E4227-4AEC-4F0F-8B2A-8C26B339DCB0}.Debug-IronPython|Any CPU.ActiveCfg = Debug-IronPython|Any CPU
		{456E4227-4AEC-4F0F-8B2A-8C26B339DCB0}.Debug-IronPython|Any CPU.Build.0 = Debug-IronPython|Any CPU
		{456E4227-4AEC-4F0F-8B2A-8C26B339DCB0}.Release|Any CPU.ActiveCfg = Release|Any CPU
		{456E4227-4AEC-4F0F-8B2A-8C26B339DCB0}.Release|Any CPU.Build.0 = Release|Any CPU
		{835886A1-5E3D-45DC-B1A7-BD38661953EC}.Debug|Any CPU.ActiveCfg = Debug|Any CPU
		{835886A1-5E3D-45DC-B1A7-BD38661953EC}.Debug|Any CPU.Build.0 = Debug|Any CPU
		{835886A1-5E3D-45DC-B1A7-BD38661953EC}.Debug-IronPython|Any CPU.ActiveCfg = Debug-IronPython|Any CPU
		{835886A1-5E3D-45DC-B1A7-BD38661953EC}.Debug-IronPython|Any CPU.Build.0 = Debug-IronPython|Any CPU
		{835886A1-5E3D-45DC-B1A7-BD38661953EC}.Release|Any CPU.ActiveCfg = Release|Any CPU
		{835886A1-5E3D-45DC-B1A7-BD38661953EC}.Release|Any CPU.Build.0 = Release|Any CPU
		{8F24C975-AA81-461D-8C94-3B4576DEB9CF}.Debug|Any CPU.ActiveCfg = Debug|Any CPU
		{8F24C975-AA81-461D-8C94-3B4576DEB9CF}.Debug|Any CPU.Build.0 = Debug|Any CPU
		{8F24C975-AA81-461D-8C94-3B4576DEB9CF}.Debug-IronPython|Any CPU.ActiveCfg = Debug-IronPython|Any CPU
		{8F24C975-AA81-461D-8C94-3B4576DEB9CF}.Debug-IronPython|Any CPU.Build.0 = Debug-IronPython|Any CPU
		{8F24C975-AA81-461D-8C94-3B4576DEB9CF}.Release|Any CPU.ActiveCfg = Release|Any CPU
		{8F24C975-AA81-461D-8C94-3B4576DEB9CF}.Release|Any CPU.Build.0 = Release|Any CPU
		{145843F5-C0CB-4049-9661-010377FA83D9}.Debug|Any CPU.ActiveCfg = Debug|Any CPU
		{145843F5-C0CB-4049-9661-010377FA83D9}.Debug|Any CPU.Build.0 = Debug|Any CPU
		{145843F5-C0CB-4049-9661-010377FA83D9}.Debug-IronPython|Any CPU.ActiveCfg = Debug|Any CPU
		{145843F5-C0CB-4049-9661-010377FA83D9}.Debug-IronPython|Any CPU.Build.0 = Debug|Any CPU
		{145843F5-C0CB-4049-9661-010377FA83D9}.Release|Any CPU.ActiveCfg = Release|Any CPU
		{145843F5-C0CB-4049-9661-010377FA83D9}.Release|Any CPU.Build.0 = Release|Any CPU
		{D5CF272E-6977-46FE-BF7B-AC1D0F2448A2}.Debug|Any CPU.ActiveCfg = Debug|Any CPU
		{D5CF272E-6977-46FE-BF7B-AC1D0F2448A2}.Debug|Any CPU.Build.0 = Debug|Any CPU
		{D5CF272E-6977-46FE-BF7B-AC1D0F2448A2}.Debug-IronPython|Any CPU.ActiveCfg = Debug|Any CPU
		{D5CF272E-6977-46FE-BF7B-AC1D0F2448A2}.Debug-IronPython|Any CPU.Build.0 = Debug|Any CPU
		{D5CF272E-6977-46FE-BF7B-AC1D0F2448A2}.Release|Any CPU.ActiveCfg = Release|Any CPU
		{D5CF272E-6977-46FE-BF7B-AC1D0F2448A2}.Release|Any CPU.Build.0 = Release|Any CPU
		{582FF847-26D2-4B50-9723-8C09F509D55E}.Debug|Any CPU.ActiveCfg = Debug|Any CPU
		{582FF847-26D2-4B50-9723-8C09F509D55E}.Debug|Any CPU.Build.0 = Debug|Any CPU
		{582FF847-26D2-4B50-9723-8C09F509D55E}.Debug-IronPython|Any CPU.ActiveCfg = Debug|Any CPU
		{582FF847-26D2-4B50-9723-8C09F509D55E}.Debug-IronPython|Any CPU.Build.0 = Debug|Any CPU
		{582FF847-26D2-4B50-9723-8C09F509D55E}.Release|Any CPU.ActiveCfg = Release|Any CPU
		{582FF847-26D2-4B50-9723-8C09F509D55E}.Release|Any CPU.Build.0 = Release|Any CPU
		{E511138B-652F-4E12-A490-0EB717971BFD}.Debug|Any CPU.ActiveCfg = Debug|Any CPU
		{E511138B-652F-4E12-A490-0EB717971BFD}.Debug|Any CPU.Build.0 = Debug|Any CPU
		{E511138B-652F-4E12-A490-0EB717971BFD}.Debug-IronPython|Any CPU.ActiveCfg = Debug|Any CPU
		{E511138B-652F-4E12-A490-0EB717971BFD}.Debug-IronPython|Any CPU.Build.0 = Debug|Any CPU
		{E511138B-652F-4E12-A490-0EB717971BFD}.Release|Any CPU.ActiveCfg = Release|Any CPU
		{E511138B-652F-4E12-A490-0EB717971BFD}.Release|Any CPU.Build.0 = Release|Any CPU
		{638226ED-970C-46DE-BE5C-481531C72434}.Debug|Any CPU.ActiveCfg = Debug|Any CPU
		{638226ED-970C-46DE-BE5C-481531C72434}.Debug|Any CPU.Build.0 = Debug|Any CPU
		{638226ED-970C-46DE-BE5C-481531C72434}.Debug-IronPython|Any CPU.ActiveCfg = Debug|Any CPU
		{638226ED-970C-46DE-BE5C-481531C72434}.Debug-IronPython|Any CPU.Build.0 = Debug|Any CPU
		{638226ED-970C-46DE-BE5C-481531C72434}.Release|Any CPU.ActiveCfg = Release|Any CPU
		{638226ED-970C-46DE-BE5C-481531C72434}.Release|Any CPU.Build.0 = Release|Any CPU
		{F1321396-A100-40E9-BDE8-3BFA91EBC1DA}.Debug|Any CPU.ActiveCfg = Debug|Any CPU
		{F1321396-A100-40E9-BDE8-3BFA91EBC1DA}.Debug|Any CPU.Build.0 = Debug|Any CPU
		{F1321396-A100-40E9-BDE8-3BFA91EBC1DA}.Debug-IronPython|Any CPU.ActiveCfg = Debug|Any CPU
		{F1321396-A100-40E9-BDE8-3BFA91EBC1DA}.Debug-IronPython|Any CPU.Build.0 = Debug|Any CPU
		{F1321396-A100-40E9-BDE8-3BFA91EBC1DA}.Release|Any CPU.ActiveCfg = Release|Any CPU
		{F1321396-A100-40E9-BDE8-3BFA91EBC1DA}.Release|Any CPU.Build.0 = Release|Any CPU
		{39820C2B-1E6D-483D-BDAB-F6B60AC33468}.Debug|Any CPU.Build.0 = Debug|Any CPU
		{39820C2B-1E6D-483D-BDAB-F6B60AC33468}.Debug|Any CPU.ActiveCfg = Debug|Any CPU
		{39820C2B-1E6D-483D-BDAB-F6B60AC33468}.Debug-IronPython|Any CPU.Build.0 = Debug-IronPython|Any CPU
		{39820C2B-1E6D-483D-BDAB-F6B60AC33468}.Debug-IronPython|Any CPU.ActiveCfg = Debug-IronPython|Any CPU
		{39820C2B-1E6D-483D-BDAB-F6B60AC33468}.Release|Any CPU.Build.0 = Release|Any CPU
		{39820C2B-1E6D-483D-BDAB-F6B60AC33468}.Release|Any CPU.ActiveCfg = Release|Any CPU
	EndGlobalSection
	GlobalSection(SolutionProperties) = preSolution
		HideSolutionNode = FALSE
	EndGlobalSection
EndGlobal
